
Microsoft Visual Studio Solution File, Format Version 12.00
# Visual Studio 15
VisualStudioVersion = 15.0.26430.12
MinimumVisualStudioVersion = 10.0.40219.1
Project("{FAE04EC0-301F-11D3-BF4B-00C04F79EFBC}") = "RPSgame", "RPSgame\RPSgame.csproj", "{310223F4-C813-48C9-9A41-3CAD2BB1E2FF}"
EndProject
Global
	GlobalSection(SolutionConfigurationPlatforms) = preSolution
		Debug|Any CPU = Debug|Any CPU
		Release|Any CPU = Release|Any CPU
	EndGlobalSection
	GlobalSection(ProjectConfigurationPlatforms) = postSolution
		{310223F4-C813-48C9-9A41-3CAD2BB1E2FF}.Debug|Any CPU.ActiveCfg = Debug|Any CPU
		{310223F4-C813-48C9-9A41-3CAD2BB1E2FF}.Debug|Any CPU.Build.0 = Debug|Any CPU
		{310223F4-C813-48C9-9A41-3CAD2BB1E2FF}.Release|Any CPU.ActiveCfg = Release|Any CPU
		{310223F4-C813-48C9-9A41-3CAD2BB1E2FF}.Release|Any CPU.Build.0 = Release|Any CPU
	EndGlobalSection
	GlobalSection(SolutionProperties) = preSolution
		HideSolutionNode = FALSE
	EndGlobalSection
EndGlobal
